{
  "name": "smart_contracts",
  "lockfileVersion": 3,
  "requires": true,
  "packages": {
    "": {
      "dependencies": {
        "@openzeppelin/contracts": "^4.9.1",
        "solmate": "^6.1.0"
      }
    },
    "node_modules/@openzeppelin/contracts": {
      "version": "4.9.1",
      "resolved": "https://registry.npmjs.org/@openzeppelin/contracts/-/contracts-4.9.1.tgz",
      "integrity": "sha512-aLDTLu/If1qYIFW5g4ZibuQaUsFGWQPBq1mZKp/txaebUnGHDmmiBhRLY1tDNedN0m+fJtKZ1zAODS9Yk+V6uA=="
    },
    "node_modules/solmate": {
      "version": "6.1.0",
      "resolved": "https://registry.npmjs.org/solmate/-/solmate-6.1.0.tgz",
      "integrity": "sha512-gxG4YU5nnAQ+Ac23R44GS3Xo3+X0+8XCe4/P1KvVobL5ERBzQBG/xMv7NSvVo/pkHSYGufgUAPjiueYxujKJAA=="
    }
  }
}
